
Microsoft Visual Studio Solution File, Format Version 12.00
# Visual Studio 15
VisualStudioVersion = 15.0.27703.2042
MinimumVisualStudioVersion = 10.0.40219.1
Project("{8BC9CEB8-8B4A-11D0-8D11-00A0C91BC942}") = "Breakout", "Breakout\Breakout.vcxproj", "{CCDF0F47-DB93-47FB-9913-A2D9ED215947}"
EndProject
Global
	GlobalSection(SolutionConfigurationPlatforms) = preSolution
		Debug|x64 = Debug|x64
		Debug|x86 = Debug|x86
		Release|x64 = Release|x64
		Release|x86 = Release|x86
	EndGlobalSection
	GlobalSection(ProjectConfigurationPlatforms) = postSolution
		{CCDF0F47-DB93-47FB-9913-A2D9ED215947}.Debug|x64.ActiveCfg = Debug|x64
		{CCDF0F47-DB93-47FB-9913-A2D9ED215947}.Debug|x64.Build.0 = Debug|x64
		{CCDF0F47-DB93-47FB-9913-A2D9ED215947}.Debug|x86.ActiveCfg = Debug|Win32
		{CCDF0F47-DB93-47FB-9913-A2D9ED215947}.Debug|x86.Build.0 = Debug|Win32
		{CCDF0F47-DB93-47FB-9913-A2D9ED215947}.Release|x64.ActiveCfg = Release|x64
		{CCDF0F47-DB93-47FB-9913-A2D9ED215947}.Release|x64.Build.0 = Release|x64
		{CCDF0F47-DB93-47FB-9913-A2D9ED215947}.Release|x86.ActiveCfg = Release|Win32
		{CCDF0F47-DB93-47FB-9913-A2D9ED215947}.Release|x86.Build.0 = Release|Win32
	EndGlobalSection
	GlobalSection(SolutionProperties) = preSolution
		HideSolutionNode = FALSE
	EndGlobalSection
	GlobalSection(ExtensibilityGlobals) = postSolution
		SolutionGuid = {A5E6F36D-84C8-4F14-BD40-D6D028F7EC74}
	EndGlobalSection
EndGlobal
